{
    "version": 3,
    "terraform_version": "0.10.6",
    "serial": 13,
    "lineage": "5af83c3d-a5b8-4489-813e-b827b81e30f7",
    "modules": [
        {
            "path": [
                "root"
            ],
            "outputs": {
                "web.ip": {
                    "sensitive": false,
                    "type": "string",
                    "value": "34.214.198.136"
                }
            },
            "resources": {
                "aws_instance.web": {
                    "type": "aws_instance",
                    "depends_on": [
                        "aws_key_pair.ansible",
                        "aws_security_group.default",
                        "aws_subnet.public"
                    ],
                    "primary": {
                        "id": "i-0736f49e058254b4f",
                        "attributes": {
                            "ami": "ami-6e1a0117",
                            "associate_public_ip_address": "true",
                            "availability_zone": "us-west-2a",
                            "disable_api_termination": "false",
                            "ebs_block_device.#": "0",
                            "ebs_optimized": "false",
                            "ephemeral_block_device.#": "0",
                            "iam_instance_profile": "",
                            "id": "i-0736f49e058254b4f",
                            "instance_state": "running",
                            "instance_type": "t2.micro",
                            "ipv6_addresses.#": "0",
                            "key_name": "ansible-key",
                            "monitoring": "false",
                            "network_interface.#": "0",
                            "network_interface_id": "eni-8a8096bb",
                            "primary_network_interface_id": "eni-8a8096bb",
                            "private_dns": "ip-10-128-0-100.us-west-2.compute.internal",
                            "private_ip": "10.128.0.100",
                            "public_dns": "ec2-34-214-198-136.us-west-2.compute.amazonaws.com",
                            "public_ip": "34.214.198.136",
                            "root_block_device.#": "1",
                            "root_block_device.0.delete_on_termination": "true",
                            "root_block_device.0.iops": "100",
                            "root_block_device.0.volume_size": "8",
                            "root_block_device.0.volume_type": "gp2",
                            "security_groups.#": "0",
                            "source_dest_check": "false",
                            "subnet_id": "subnet-7ab06832",
                            "tags.%": "1",
                            "tags.Name": "web",
                            "tenancy": "default",
                            "volume_tags.%": "0",
                            "vpc_security_group_ids.#": "1",
                            "vpc_security_group_ids.2556225468": "sg-8ee12af3"
                        },
                        "meta": {
                            "e2bfb730-ecaa-11e6-8f88-34363bc7c4c0": {
                                "create": 600000000000,
                                "delete": 600000000000,
                                "update": 600000000000
                            },
                            "schema_version": "1"
                        },
                        "tainted": false
                    },
                    "deposed": [],
                    "provider": ""
                },
                "aws_internet_gateway.default": {
                    "type": "aws_internet_gateway",
                    "depends_on": [
                        "aws_vpc.default"
                    ],
                    "primary": {
                        "id": "igw-e2246a85",
                        "attributes": {
                            "id": "igw-e2246a85",
                            "tags.%": "0",
                            "vpc_id": "vpc-817d17e7"
                        },
                        "meta": {},
                        "tainted": false
                    },
                    "deposed": [],
                    "provider": ""
                },
                "aws_key_pair.ansible": {
                    "type": "aws_key_pair",
                    "depends_on": [],
                    "primary": {
                        "id": "ansible-key",
                        "attributes": {
                            "fingerprint": "6a:91:49:d4:54:5a:e9:8f:32:d8:85:26:76:c8:64:45",
                            "id": "ansible-key",
                            "key_name": "ansible-key",
                            "public_key": "ssh-rsa AAAAB3NzaC1yc2EAAAADAQABAAABAQDsdNIY7+QqWnp5hwJeKG0Tqev5uNRIV/OF3SQxslvBF7tBHvALDfbiXksor19d9UC4ZCzBW2+YKD70G9zCa1juU6wP28Ld/DktzqbinYMEnsGyCaq1lMGtvNttejuXtqjmU0ZEHZEsG1pdFGL3nwBmtfx2OE3u4WN3wFkEwoVcTNFfxWsE2LHDGnjnx6v0fKhtxWSzlbQtJTRGNIJTd3lXXFmc4WSxSGyK991zFRCNgpzYrJWPxtC3kRY3ldeq9TBHP6BY35md3aB0J64+yPicC+69jjGXO3rKpUIXVoqmi3HmIPJFvIdYYHluSO/REuNgrP1ZHYmceBYEVB8X4Y1J solaris@solaris-ThinkPad-T410"
                        },
                        "meta": {
                            "schema_version": "1"
                        },
                        "tainted": false
                    },
                    "deposed": [],
                    "provider": ""
                },
                "aws_route53_record.www": {
                    "type": "aws_route53_record",
                    "depends_on": [
                        "aws_instance.web",
                        "data.aws_route53_zone.selected"
                    ],
                    "primary": {
                        "id": "Z3M6CAIPM9AZP_www.ngn-demo.avmaksimov.ru._A",
                        "attributes": {
                            "fqdn": "www.ngn-demo.avmaksimov.ru",
                            "health_check_id": "",
                            "id": "Z3M6CAIPM9AZP_www.ngn-demo.avmaksimov.ru._A",
                            "name": "www.ngn-demo.avmaksimov.ru",
                            "records.#": "1",
                            "records.3128934737": "34.214.198.136",
                            "set_identifier": "",
                            "ttl": "300",
                            "type": "A",
                            "zone_id": "Z3M6CAIPM9AZP"
                        },
                        "meta": {
                            "schema_version": "2"
                        },
                        "tainted": false
                    },
                    "deposed": [],
                    "provider": ""
                },
                "aws_route_table.public": {
                    "type": "aws_route_table",
                    "depends_on": [
                        "aws_internet_gateway.default",
                        "aws_vpc.default"
                    ],
                    "primary": {
                        "id": "rtb-3723f04e",
                        "attributes": {
                            "id": "rtb-3723f04e",
                            "propagating_vgws.#": "0",
                            "route.#": "1",
                            "route.393062474.cidr_block": "0.0.0.0/0",
                            "route.393062474.egress_only_gateway_id": "",
                            "route.393062474.gateway_id": "igw-e2246a85",
                            "route.393062474.instance_id": "",
                            "route.393062474.ipv6_cidr_block": "",
                            "route.393062474.nat_gateway_id": "",
                            "route.393062474.network_interface_id": "",
                            "route.393062474.vpc_peering_connection_id": "",
                            "tags.%": "0",
                            "vpc_id": "vpc-817d17e7"
                        },
                        "meta": {},
                        "tainted": false
                    },
                    "deposed": [],
                    "provider": ""
                },
                "aws_route_table_association.public": {
                    "type": "aws_route_table_association",
                    "depends_on": [
                        "aws_route_table.public",
                        "aws_subnet.public"
                    ],
                    "primary": {
                        "id": "rtbassoc-80d2b2f8",
                        "attributes": {
                            "id": "rtbassoc-80d2b2f8",
                            "route_table_id": "rtb-3723f04e",
                            "subnet_id": "subnet-7ab06832"
                        },
                        "meta": {},
                        "tainted": false
                    },
                    "deposed": [],
                    "provider": ""
                },
                "aws_security_group.default": {
                    "type": "aws_security_group",
                    "depends_on": [
                        "aws_vpc.default"
                    ],
                    "primary": {
                        "id": "sg-8ee12af3",
                        "attributes": {
                            "description": "Default security group that allows inbound and outbound traffic from all hosts",
                            "egress.#": "1",
                            "egress.482069346.cidr_blocks.#": "1",
                            "egress.482069346.cidr_blocks.0": "0.0.0.0/0",
                            "egress.482069346.from_port": "0",
                            "egress.482069346.ipv6_cidr_blocks.#": "0",
                            "egress.482069346.prefix_list_ids.#": "0",
                            "egress.482069346.protocol": "-1",
                            "egress.482069346.security_groups.#": "0",
                            "egress.482069346.self": "false",
                            "egress.482069346.to_port": "0",
                            "id": "sg-8ee12af3",
                            "ingress.#": "1",
                            "ingress.482069346.cidr_blocks.#": "1",
                            "ingress.482069346.cidr_blocks.0": "0.0.0.0/0",
                            "ingress.482069346.from_port": "0",
                            "ingress.482069346.ipv6_cidr_blocks.#": "0",
                            "ingress.482069346.protocol": "-1",
                            "ingress.482069346.security_groups.#": "0",
                            "ingress.482069346.self": "false",
                            "ingress.482069346.to_port": "0",
                            "name": "default-NGN-BIBF-Ansible-DEMO",
                            "owner_id": "173525516592",
                            "tags.%": "1",
                            "tags.Name": "NGN-BIBF-Ansible-DEMO-default-vpc",
                            "vpc_id": "vpc-817d17e7"
                        },
                        "meta": {},
                        "tainted": false
                    },
                    "deposed": [],
                    "provider": ""
                },
                "aws_subnet.public": {
                    "type": "aws_subnet",
                    "depends_on": [
                        "aws_internet_gateway.default",
                        "aws_vpc.default"
                    ],
                    "primary": {
                        "id": "subnet-7ab06832",
                        "attributes": {
                            "assign_ipv6_address_on_creation": "false",
                            "availability_zone": "us-west-2a",
                            "cidr_block": "10.128.0.0/24",
                            "id": "subnet-7ab06832",
                            "map_public_ip_on_launch": "true",
                            "tags.%": "1",
                            "tags.Name": "public",
                            "vpc_id": "vpc-817d17e7"
                        },
                        "meta": {
                            "schema_version": "1"
                        },
                        "tainted": false
                    },
                    "deposed": [],
                    "provider": ""
                },
                "aws_vpc.default": {
                    "type": "aws_vpc",
                    "depends_on": [],
                    "primary": {
                        "id": "vpc-817d17e7",
                        "attributes": {
                            "assign_generated_ipv6_cidr_block": "false",
                            "cidr_block": "10.128.0.0/16",
                            "default_network_acl_id": "acl-bf8d81d9",
                            "default_route_table_id": "rtb-ed21f294",
                            "default_security_group_id": "sg-d0ec27ad",
                            "dhcp_options_id": "dopt-01a50f67",
                            "enable_classiclink": "false",
                            "enable_classiclink_dns_support": "false",
                            "enable_dns_hostnames": "true",
                            "enable_dns_support": "true",
                            "id": "vpc-817d17e7",
                            "instance_tenancy": "default",
                            "main_route_table_id": "rtb-ed21f294",
                            "tags.%": "1",
                            "tags.Name": "NGN-BIBF-Ansible-DEMO"
                        },
                        "meta": {
                            "schema_version": "1"
                        },
                        "tainted": false
                    },
                    "deposed": [],
                    "provider": ""
                },
                "data.aws_route53_zone.selected": {
                    "type": "aws_route53_zone",
                    "depends_on": [
                        "aws_instance.web"
                    ],
                    "primary": {
                        "id": "Z3M6CAIPM9AZP",
                        "attributes": {
                            "caller_reference": "6CFAE95E-A091-6F6C-BA49-271873191689",
                            "comment": "",
                            "id": "Z3M6CAIPM9AZP",
                            "name": "ngn-demo.avmaksimov.ru.",
                            "private_zone": "false",
                            "resource_record_set_count": "2",
                            "zone_id": "Z3M6CAIPM9AZP"
                        },
                        "meta": {},
                        "tainted": false
                    },
                    "deposed": [],
                    "provider": ""
                }
            },
            "depends_on": []
        }
    ]
}
