{
    "version": 3,
    "terraform_version": "0.10.6",
    "serial": 8,
    "lineage": "9d1df99b-d0f1-4146-bdac-d4e737359b6c",
    "modules": [
        {
            "path": [
                "root"
            ],
            "outputs": {
                "app.0.ip": {
                    "sensitive": false,
                    "type": "string",
                    "value": "10.128.1.37"
                },
                "app.1.ip": {
                    "sensitive": false,
                    "type": "string",
                    "value": "10.128.1.60"
                },
                "elb.hostname": {
                    "sensitive": false,
                    "type": "string",
                    "value": "NGN-BIBF-DEMO-elb-573665197.us-west-2.elb.amazonaws.com"
                },
                "nat.ip": {
                    "sensitive": false,
                    "type": "string",
                    "value": "52.38.68.213"
                }
            },
            "resources": {
                "aws_elb.app": {
                    "type": "aws_elb",
                    "depends_on": [
                        "aws_instance.app.*",
                        "aws_security_group.default",
                        "aws_security_group.web",
                        "aws_subnet.public"
                    ],
                    "primary": {
                        "id": "NGN-BIBF-DEMO-elb",
                        "attributes": {
                            "access_logs.#": "0",
                            "availability_zones.#": "1",
                            "availability_zones.2487133097": "us-west-2a",
                            "connection_draining": "false",
                            "connection_draining_timeout": "300",
                            "cross_zone_load_balancing": "true",
                            "dns_name": "NGN-BIBF-DEMO-elb-573665197.us-west-2.elb.amazonaws.com",
                            "health_check.#": "1",
                            "health_check.0.healthy_threshold": "10",
                            "health_check.0.interval": "30",
                            "health_check.0.target": "TCP:80",
                            "health_check.0.timeout": "5",
                            "health_check.0.unhealthy_threshold": "2",
                            "id": "NGN-BIBF-DEMO-elb",
                            "idle_timeout": "60",
                            "instances.#": "2",
                            "instances.1580181494": "i-0622cbe1d5f2922e9",
                            "instances.3405982219": "i-0ebf463e5005a6bce",
                            "internal": "false",
                            "listener.#": "1",
                            "listener.3057123346.instance_port": "80",
                            "listener.3057123346.instance_protocol": "http",
                            "listener.3057123346.lb_port": "80",
                            "listener.3057123346.lb_protocol": "http",
                            "listener.3057123346.ssl_certificate_id": "",
                            "name": "NGN-BIBF-DEMO-elb",
                            "security_groups.#": "2",
                            "security_groups.1802220914": "sg-984380e5",
                            "security_groups.4293354284": "sg-3742814a",
                            "source_security_group": "173525516592/default-NGN-BIBF-DEMO",
                            "source_security_group_id": "sg-984380e5",
                            "subnets.#": "1",
                            "subnets.670337834": "subnet-47af700f",
                            "tags.%": "0",
                            "zone_id": "Z1H1FL5HABSF5"
                        },
                        "meta": {},
                        "tainted": false
                    },
                    "deposed": [],
                    "provider": ""
                },
                "aws_instance.app.0": {
                    "type": "aws_instance",
                    "depends_on": [
                        "aws_key_pair.deployer",
                        "aws_security_group.default",
                        "aws_subnet.private"
                    ],
                    "primary": {
                        "id": "i-0622cbe1d5f2922e9",
                        "attributes": {
                            "ami": "ami-6e1a0117",
                            "associate_public_ip_address": "false",
                            "availability_zone": "us-west-2a",
                            "disable_api_termination": "false",
                            "ebs_block_device.#": "0",
                            "ebs_optimized": "false",
                            "ephemeral_block_device.#": "0",
                            "iam_instance_profile": "",
                            "id": "i-0622cbe1d5f2922e9",
                            "instance_state": "running",
                            "instance_type": "t2.micro",
                            "ipv6_addresses.#": "0",
                            "key_name": "deployer-key",
                            "monitoring": "false",
                            "network_interface.#": "0",
                            "network_interface_id": "eni-aa29289b",
                            "primary_network_interface_id": "eni-aa29289b",
                            "private_dns": "ip-10-128-1-37.us-west-2.compute.internal",
                            "private_ip": "10.128.1.37",
                            "public_dns": "",
                            "public_ip": "",
                            "root_block_device.#": "1",
                            "root_block_device.0.delete_on_termination": "true",
                            "root_block_device.0.iops": "100",
                            "root_block_device.0.volume_size": "8",
                            "root_block_device.0.volume_type": "gp2",
                            "security_groups.#": "0",
                            "source_dest_check": "false",
                            "subnet_id": "subnet-1eab7456",
                            "tags.%": "1",
                            "tags.Name": "NGN-BIBF-DEMO-app-0",
                            "tenancy": "default",
                            "user_data": "1981da347b1ceac204130ebe0fbba31a77da09fe",
                            "volume_tags.%": "0",
                            "vpc_security_group_ids.#": "1",
                            "vpc_security_group_ids.1802220914": "sg-984380e5"
                        },
                        "meta": {
                            "e2bfb730-ecaa-11e6-8f88-34363bc7c4c0": {
                                "create": 600000000000,
                                "delete": 600000000000,
                                "update": 600000000000
                            },
                            "schema_version": "1"
                        },
                        "tainted": false
                    },
                    "deposed": [],
                    "provider": ""
                },
                "aws_instance.app.1": {
                    "type": "aws_instance",
                    "depends_on": [
                        "aws_key_pair.deployer",
                        "aws_security_group.default",
                        "aws_subnet.private"
                    ],
                    "primary": {
                        "id": "i-0ebf463e5005a6bce",
                        "attributes": {
                            "ami": "ami-6e1a0117",
                            "associate_public_ip_address": "false",
                            "availability_zone": "us-west-2a",
                            "disable_api_termination": "false",
                            "ebs_block_device.#": "0",
                            "ebs_optimized": "false",
                            "ephemeral_block_device.#": "0",
                            "iam_instance_profile": "",
                            "id": "i-0ebf463e5005a6bce",
                            "instance_state": "running",
                            "instance_type": "t2.micro",
                            "ipv6_addresses.#": "0",
                            "key_name": "deployer-key",
                            "monitoring": "false",
                            "network_interface.#": "0",
                            "network_interface_id": "eni-052b2a34",
                            "primary_network_interface_id": "eni-052b2a34",
                            "private_dns": "ip-10-128-1-60.us-west-2.compute.internal",
                            "private_ip": "10.128.1.60",
                            "public_dns": "",
                            "public_ip": "",
                            "root_block_device.#": "1",
                            "root_block_device.0.delete_on_termination": "true",
                            "root_block_device.0.iops": "100",
                            "root_block_device.0.volume_size": "8",
                            "root_block_device.0.volume_type": "gp2",
                            "security_groups.#": "0",
                            "source_dest_check": "false",
                            "subnet_id": "subnet-1eab7456",
                            "tags.%": "1",
                            "tags.Name": "NGN-BIBF-DEMO-app-1",
                            "tenancy": "default",
                            "user_data": "1981da347b1ceac204130ebe0fbba31a77da09fe",
                            "volume_tags.%": "0",
                            "vpc_security_group_ids.#": "1",
                            "vpc_security_group_ids.1802220914": "sg-984380e5"
                        },
                        "meta": {
                            "e2bfb730-ecaa-11e6-8f88-34363bc7c4c0": {
                                "create": 600000000000,
                                "delete": 600000000000,
                                "update": 600000000000
                            },
                            "schema_version": "1"
                        },
                        "tainted": false
                    },
                    "deposed": [],
                    "provider": ""
                },
                "aws_instance.nat": {
                    "type": "aws_instance",
                    "depends_on": [
                        "aws_key_pair.deployer",
                        "aws_security_group.default",
                        "aws_security_group.nat",
                        "aws_subnet.public"
                    ],
                    "primary": {
                        "id": "i-050649862460100c6",
                        "attributes": {
                            "ami": "ami-6e1a0117",
                            "associate_public_ip_address": "true",
                            "availability_zone": "us-west-2a",
                            "disable_api_termination": "false",
                            "ebs_block_device.#": "0",
                            "ebs_optimized": "false",
                            "ephemeral_block_device.#": "0",
                            "iam_instance_profile": "",
                            "id": "i-050649862460100c6",
                            "instance_state": "running",
                            "instance_type": "t2.micro",
                            "ipv6_addresses.#": "0",
                            "key_name": "deployer-key",
                            "monitoring": "false",
                            "network_interface.#": "0",
                            "network_interface_id": "eni-a2262793",
                            "primary_network_interface_id": "eni-a2262793",
                            "private_dns": "ip-10-128-0-197.us-west-2.compute.internal",
                            "private_ip": "10.128.0.197",
                            "public_dns": "ec2-52-38-68-213.us-west-2.compute.amazonaws.com",
                            "public_ip": "52.38.68.213",
                            "root_block_device.#": "1",
                            "root_block_device.0.delete_on_termination": "true",
                            "root_block_device.0.iops": "100",
                            "root_block_device.0.volume_size": "8",
                            "root_block_device.0.volume_type": "gp2",
                            "security_groups.#": "0",
                            "source_dest_check": "false",
                            "subnet_id": "subnet-47af700f",
                            "tags.%": "1",
                            "tags.Name": "nat",
                            "tenancy": "default",
                            "volume_tags.%": "0",
                            "vpc_security_group_ids.#": "2",
                            "vpc_security_group_ids.1802220914": "sg-984380e5",
                            "vpc_security_group_ids.2949365326": "sg-583cff25"
                        },
                        "meta": {
                            "e2bfb730-ecaa-11e6-8f88-34363bc7c4c0": {
                                "create": 600000000000,
                                "delete": 600000000000,
                                "update": 600000000000
                            },
                            "schema_version": "1"
                        },
                        "tainted": false
                    },
                    "deposed": [],
                    "provider": ""
                },
                "aws_internet_gateway.default": {
                    "type": "aws_internet_gateway",
                    "depends_on": [
                        "aws_vpc.default"
                    ],
                    "primary": {
                        "id": "igw-5dde933a",
                        "attributes": {
                            "id": "igw-5dde933a",
                            "tags.%": "0",
                            "vpc_id": "vpc-90147df6"
                        },
                        "meta": {},
                        "tainted": false
                    },
                    "deposed": [],
                    "provider": ""
                },
                "aws_key_pair.deployer": {
                    "type": "aws_key_pair",
                    "depends_on": [],
                    "primary": {
                        "id": "deployer-key",
                        "attributes": {
                            "fingerprint": "6a:91:49:d4:54:5a:e9:8f:32:d8:85:26:76:c8:64:45",
                            "id": "deployer-key",
                            "key_name": "deployer-key",
                            "public_key": "ssh-rsa AAAAB3NzaC1yc2EAAAADAQABAAABAQDsdNIY7+QqWnp5hwJeKG0Tqev5uNRIV/OF3SQxslvBF7tBHvALDfbiXksor19d9UC4ZCzBW2+YKD70G9zCa1juU6wP28Ld/DktzqbinYMEnsGyCaq1lMGtvNttejuXtqjmU0ZEHZEsG1pdFGL3nwBmtfx2OE3u4WN3wFkEwoVcTNFfxWsE2LHDGnjnx6v0fKhtxWSzlbQtJTRGNIJTd3lXXFmc4WSxSGyK991zFRCNgpzYrJWPxtC3kRY3ldeq9TBHP6BY35md3aB0J64+yPicC+69jjGXO3rKpUIXVoqmi3HmIPJFvIdYYHluSO/REuNgrP1ZHYmceBYEVB8X4Y1J solaris@solaris-ThinkPad-T410"
                        },
                        "meta": {
                            "schema_version": "1"
                        },
                        "tainted": false
                    },
                    "deposed": [],
                    "provider": ""
                },
                "aws_route_table.private": {
                    "type": "aws_route_table",
                    "depends_on": [
                        "aws_instance.nat",
                        "aws_vpc.default"
                    ],
                    "primary": {
                        "id": "rtb-f12ef988",
                        "attributes": {
                            "id": "rtb-f12ef988",
                            "propagating_vgws.#": "0",
                            "route.#": "1",
                            "route.683919244.cidr_block": "0.0.0.0/0",
                            "route.683919244.egress_only_gateway_id": "",
                            "route.683919244.gateway_id": "",
                            "route.683919244.instance_id": "i-050649862460100c6",
                            "route.683919244.ipv6_cidr_block": "",
                            "route.683919244.nat_gateway_id": "",
                            "route.683919244.network_interface_id": "",
                            "route.683919244.vpc_peering_connection_id": "",
                            "tags.%": "0",
                            "vpc_id": "vpc-90147df6"
                        },
                        "meta": {},
                        "tainted": false
                    },
                    "deposed": [],
                    "provider": ""
                },
                "aws_route_table.public": {
                    "type": "aws_route_table",
                    "depends_on": [
                        "aws_internet_gateway.default",
                        "aws_vpc.default"
                    ],
                    "primary": {
                        "id": "rtb-0b20f772",
                        "attributes": {
                            "id": "rtb-0b20f772",
                            "propagating_vgws.#": "0",
                            "route.#": "1",
                            "route.3558905340.cidr_block": "0.0.0.0/0",
                            "route.3558905340.egress_only_gateway_id": "",
                            "route.3558905340.gateway_id": "igw-5dde933a",
                            "route.3558905340.instance_id": "",
                            "route.3558905340.ipv6_cidr_block": "",
                            "route.3558905340.nat_gateway_id": "",
                            "route.3558905340.network_interface_id": "",
                            "route.3558905340.vpc_peering_connection_id": "",
                            "tags.%": "0",
                            "vpc_id": "vpc-90147df6"
                        },
                        "meta": {},
                        "tainted": false
                    },
                    "deposed": [],
                    "provider": ""
                },
                "aws_route_table_association.private": {
                    "type": "aws_route_table_association",
                    "depends_on": [
                        "aws_route_table.private",
                        "aws_subnet.private"
                    ],
                    "primary": {
                        "id": "rtbassoc-8d690cf5",
                        "attributes": {
                            "id": "rtbassoc-8d690cf5",
                            "route_table_id": "rtb-f12ef988",
                            "subnet_id": "subnet-1eab7456"
                        },
                        "meta": {},
                        "tainted": false
                    },
                    "deposed": [],
                    "provider": ""
                },
                "aws_route_table_association.public": {
                    "type": "aws_route_table_association",
                    "depends_on": [
                        "aws_route_table.public",
                        "aws_subnet.public"
                    ],
                    "primary": {
                        "id": "rtbassoc-846005fc",
                        "attributes": {
                            "id": "rtbassoc-846005fc",
                            "route_table_id": "rtb-0b20f772",
                            "subnet_id": "subnet-47af700f"
                        },
                        "meta": {},
                        "tainted": false
                    },
                    "deposed": [],
                    "provider": ""
                },
                "aws_security_group.default": {
                    "type": "aws_security_group",
                    "depends_on": [
                        "aws_vpc.default"
                    ],
                    "primary": {
                        "id": "sg-984380e5",
                        "attributes": {
                            "description": "Default security group that allows inbound and outbound traffic from all instances in the VPC",
                            "egress.#": "1",
                            "egress.753360330.cidr_blocks.#": "0",
                            "egress.753360330.from_port": "0",
                            "egress.753360330.ipv6_cidr_blocks.#": "0",
                            "egress.753360330.prefix_list_ids.#": "0",
                            "egress.753360330.protocol": "-1",
                            "egress.753360330.security_groups.#": "0",
                            "egress.753360330.self": "true",
                            "egress.753360330.to_port": "0",
                            "id": "sg-984380e5",
                            "ingress.#": "1",
                            "ingress.753360330.cidr_blocks.#": "0",
                            "ingress.753360330.from_port": "0",
                            "ingress.753360330.ipv6_cidr_blocks.#": "0",
                            "ingress.753360330.protocol": "-1",
                            "ingress.753360330.security_groups.#": "0",
                            "ingress.753360330.self": "true",
                            "ingress.753360330.to_port": "0",
                            "name": "default-NGN-BIBF-DEMO",
                            "owner_id": "173525516592",
                            "tags.%": "1",
                            "tags.Name": "NGN-BIBF-DEMO-default-vpc",
                            "vpc_id": "vpc-90147df6"
                        },
                        "meta": {},
                        "tainted": false
                    },
                    "deposed": [],
                    "provider": ""
                },
                "aws_security_group.nat": {
                    "type": "aws_security_group",
                    "depends_on": [
                        "aws_vpc.default"
                    ],
                    "primary": {
                        "id": "sg-583cff25",
                        "attributes": {
                            "description": "Security group for nat instances that allows SSH and VPN traffic from internet. Also allows outbound HTTP[S]",
                            "egress.#": "2",
                            "egress.2214680975.cidr_blocks.#": "1",
                            "egress.2214680975.cidr_blocks.0": "0.0.0.0/0",
                            "egress.2214680975.from_port": "80",
                            "egress.2214680975.ipv6_cidr_blocks.#": "0",
                            "egress.2214680975.prefix_list_ids.#": "0",
                            "egress.2214680975.protocol": "tcp",
                            "egress.2214680975.security_groups.#": "0",
                            "egress.2214680975.self": "false",
                            "egress.2214680975.to_port": "80",
                            "egress.2617001939.cidr_blocks.#": "1",
                            "egress.2617001939.cidr_blocks.0": "0.0.0.0/0",
                            "egress.2617001939.from_port": "443",
                            "egress.2617001939.ipv6_cidr_blocks.#": "0",
                            "egress.2617001939.prefix_list_ids.#": "0",
                            "egress.2617001939.protocol": "tcp",
                            "egress.2617001939.security_groups.#": "0",
                            "egress.2617001939.self": "false",
                            "egress.2617001939.to_port": "443",
                            "id": "sg-583cff25",
                            "ingress.#": "2",
                            "ingress.2541437006.cidr_blocks.#": "1",
                            "ingress.2541437006.cidr_blocks.0": "0.0.0.0/0",
                            "ingress.2541437006.from_port": "22",
                            "ingress.2541437006.ipv6_cidr_blocks.#": "0",
                            "ingress.2541437006.protocol": "tcp",
                            "ingress.2541437006.security_groups.#": "0",
                            "ingress.2541437006.self": "false",
                            "ingress.2541437006.to_port": "22",
                            "ingress.4178520169.cidr_blocks.#": "1",
                            "ingress.4178520169.cidr_blocks.0": "0.0.0.0/0",
                            "ingress.4178520169.from_port": "1194",
                            "ingress.4178520169.ipv6_cidr_blocks.#": "0",
                            "ingress.4178520169.protocol": "udp",
                            "ingress.4178520169.security_groups.#": "0",
                            "ingress.4178520169.self": "false",
                            "ingress.4178520169.to_port": "1194",
                            "name": "nat-NGN-BIBF-DEMO",
                            "owner_id": "173525516592",
                            "tags.%": "1",
                            "tags.Name": "nat-NGN-BIBF-DEMO",
                            "vpc_id": "vpc-90147df6"
                        },
                        "meta": {},
                        "tainted": false
                    },
                    "deposed": [],
                    "provider": ""
                },
                "aws_security_group.web": {
                    "type": "aws_security_group",
                    "depends_on": [
                        "aws_vpc.default"
                    ],
                    "primary": {
                        "id": "sg-3742814a",
                        "attributes": {
                            "description": "Security group for web that allows web traffic from internet",
                            "egress.#": "0",
                            "id": "sg-3742814a",
                            "ingress.#": "2",
                            "ingress.2214680975.cidr_blocks.#": "1",
                            "ingress.2214680975.cidr_blocks.0": "0.0.0.0/0",
                            "ingress.2214680975.from_port": "80",
                            "ingress.2214680975.ipv6_cidr_blocks.#": "0",
                            "ingress.2214680975.protocol": "tcp",
                            "ingress.2214680975.security_groups.#": "0",
                            "ingress.2214680975.self": "false",
                            "ingress.2214680975.to_port": "80",
                            "ingress.2617001939.cidr_blocks.#": "1",
                            "ingress.2617001939.cidr_blocks.0": "0.0.0.0/0",
                            "ingress.2617001939.from_port": "443",
                            "ingress.2617001939.ipv6_cidr_blocks.#": "0",
                            "ingress.2617001939.protocol": "tcp",
                            "ingress.2617001939.security_groups.#": "0",
                            "ingress.2617001939.self": "false",
                            "ingress.2617001939.to_port": "443",
                            "name": "web-NGN-BIBF-DEMO",
                            "owner_id": "173525516592",
                            "tags.%": "1",
                            "tags.Name": "web-NGN-BIBF-DEMO",
                            "vpc_id": "vpc-90147df6"
                        },
                        "meta": {},
                        "tainted": false
                    },
                    "deposed": [],
                    "provider": ""
                },
                "aws_subnet.private": {
                    "type": "aws_subnet",
                    "depends_on": [
                        "aws_instance.nat",
                        "aws_vpc.default"
                    ],
                    "primary": {
                        "id": "subnet-1eab7456",
                        "attributes": {
                            "assign_ipv6_address_on_creation": "false",
                            "availability_zone": "us-west-2a",
                            "cidr_block": "10.128.1.0/24",
                            "id": "subnet-1eab7456",
                            "map_public_ip_on_launch": "false",
                            "tags.%": "1",
                            "tags.Name": "private",
                            "vpc_id": "vpc-90147df6"
                        },
                        "meta": {
                            "schema_version": "1"
                        },
                        "tainted": false
                    },
                    "deposed": [],
                    "provider": ""
                },
                "aws_subnet.public": {
                    "type": "aws_subnet",
                    "depends_on": [
                        "aws_internet_gateway.default",
                        "aws_vpc.default"
                    ],
                    "primary": {
                        "id": "subnet-47af700f",
                        "attributes": {
                            "assign_ipv6_address_on_creation": "false",
                            "availability_zone": "us-west-2a",
                            "cidr_block": "10.128.0.0/24",
                            "id": "subnet-47af700f",
                            "map_public_ip_on_launch": "true",
                            "tags.%": "1",
                            "tags.Name": "public",
                            "vpc_id": "vpc-90147df6"
                        },
                        "meta": {
                            "schema_version": "1"
                        },
                        "tainted": false
                    },
                    "deposed": [],
                    "provider": ""
                },
                "aws_vpc.default": {
                    "type": "aws_vpc",
                    "depends_on": [],
                    "primary": {
                        "id": "vpc-90147df6",
                        "attributes": {
                            "assign_generated_ipv6_cidr_block": "false",
                            "cidr_block": "10.128.0.0/16",
                            "default_network_acl_id": "acl-1f636079",
                            "default_route_table_id": "rtb-6b20f712",
                            "default_security_group_id": "sg-aa3cffd7",
                            "dhcp_options_id": "dopt-01a50f67",
                            "enable_classiclink": "false",
                            "enable_classiclink_dns_support": "false",
                            "enable_dns_hostnames": "true",
                            "enable_dns_support": "true",
                            "id": "vpc-90147df6",
                            "instance_tenancy": "default",
                            "main_route_table_id": "rtb-6b20f712",
                            "tags.%": "1",
                            "tags.Name": "NGN-BIBF-DEMO"
                        },
                        "meta": {
                            "schema_version": "1"
                        },
                        "tainted": false
                    },
                    "deposed": [],
                    "provider": ""
                }
            },
            "depends_on": []
        }
    ]
}
